
Microsoft Visual Studio Solution File, Format Version 12.00
# Visual Studio Version 17
VisualStudioVersion = 17.14.36930.0 d17.14
MinimumVisualStudioVersion = 10.0.40219.1
Project("{2150E333-8FDC-42A3-9474-1A3956D46DE8}") = "src", "src", "{02EA681E-C7D8-13C7-8484-4AC65E1B71E8}"
EndProject
Project("{2150E333-8FDC-42A3-9474-1A3956D46DE8}") = "test", "test", "{7E93FA2C-6AD5-464E-B2B6-612526096591}"
EndProject
Project("{FAE04EC0-301F-11D3-BF4B-00C04F79EFBC}") = "POS.Domain", "POS.Domain\POS.Domain.csproj", "{D8E43FB6-2AFD-43DD-9DB8-D95DB467F39B}"
EndProject
Project("{FAE04EC0-301F-11D3-BF4B-00C04F79EFBC}") = "POS.Infrastructure", "POS.Infrastructure\POS.Infrastructure.csproj", "{563B0E35-E4E4-43AB-90AA-FA4CCE003356}"
EndProject
Project("{FAE04EC0-301F-11D3-BF4B-00C04F79EFBC}") = "POS.Application", "POS.Application\POS.Application.csproj", "{977075ED-F843-4D1B-BD99-87349745C90E}"
EndProject
Project("{FAE04EC0-301F-11D3-BF4B-00C04F79EFBC}") = "POS.Api", "POS.Api\POS.Api.csproj", "{1AEE37E7-B3B6-4575-84B7-24B5F76000B2}"
EndProject
Project("{FAE04EC0-301F-11D3-BF4B-00C04F79EFBC}") = "POS.Utilities", "POS.Utilities\POS.Utilities.csproj", "{90FBBDCF-3D59-429A-B8DC-488E252C2B8A}"
EndProject
Project("{FAE04EC0-301F-11D3-BF4B-00C04F79EFBC}") = "POS.Test", "POS.Test\POS.Test.csproj", "{410A1478-2DDC-408B-821A-555FE19820A5}"
EndProject
Global
	GlobalSection(SolutionConfigurationPlatforms) = preSolution
		Debug|Any CPU = Debug|Any CPU
		Release|Any CPU = Release|Any CPU
	EndGlobalSection
	GlobalSection(ProjectConfigurationPlatforms) = postSolution
		{D8E43FB6-2AFD-43DD-9DB8-D95DB467F39B}.Debug|Any CPU.ActiveCfg = Debug|Any CPU
		{D8E43FB6-2AFD-43DD-9DB8-D95DB467F39B}.Debug|Any CPU.Build.0 = Debug|Any CPU
		{D8E43FB6-2AFD-43DD-9DB8-D95DB467F39B}.Release|Any CPU.ActiveCfg = Release|Any CPU
		{D8E43FB6-2AFD-43DD-9DB8-D95DB467F39B}.Release|Any CPU.Build.0 = Release|Any CPU
		{563B0E35-E4E4-43AB-90AA-FA4CCE003356}.Debug|Any CPU.ActiveCfg = Debug|Any CPU
		{563B0E35-E4E4-43AB-90AA-FA4CCE003356}.Debug|Any CPU.Build.0 = Debug|Any CPU
		{563B0E35-E4E4-43AB-90AA-FA4CCE003356}.Release|Any CPU.ActiveCfg = Release|Any CPU
		{563B0E35-E4E4-43AB-90AA-FA4CCE003356}.Release|Any CPU.Build.0 = Release|Any CPU
		{977075ED-F843-4D1B-BD99-87349745C90E}.Debug|Any CPU.ActiveCfg = Debug|Any CPU
		{977075ED-F843-4D1B-BD99-87349745C90E}.Debug|Any CPU.Build.0 = Debug|Any CPU
		{977075ED-F843-4D1B-BD99-87349745C90E}.Release|Any CPU.ActiveCfg = Release|Any CPU
		{977075ED-F843-4D1B-BD99-87349745C90E}.Release|Any CPU.Build.0 = Release|Any CPU
		{1AEE37E7-B3B6-4575-84B7-24B5F76000B2}.Debug|Any CPU.ActiveCfg = Debug|Any CPU
		{1AEE37E7-B3B6-4575-84B7-24B5F76000B2}.Debug|Any CPU.Build.0 = Debug|Any CPU
		{1AEE37E7-B3B6-4575-84B7-24B5F76000B2}.Release|Any CPU.ActiveCfg = Release|Any CPU
		{1AEE37E7-B3B6-4575-84B7-24B5F76000B2}.Release|Any CPU.Build.0 = Release|Any CPU
		{90FBBDCF-3D59-429A-B8DC-488E252C2B8A}.Debug|Any CPU.ActiveCfg = Debug|Any CPU
		{90FBBDCF-3D59-429A-B8DC-488E252C2B8A}.Debug|Any CPU.Build.0 = Debug|Any CPU
		{90FBBDCF-3D59-429A-B8DC-488E252C2B8A}.Release|Any CPU.ActiveCfg = Release|Any CPU
		{90FBBDCF-3D59-429A-B8DC-488E252C2B8A}.Release|Any CPU.Build.0 = Release|Any CPU
		{410A1478-2DDC-408B-821A-555FE19820A5}.Debug|Any CPU.ActiveCfg = Debug|Any CPU
		{410A1478-2DDC-408B-821A-555FE19820A5}.Debug|Any CPU.Build.0 = Debug|Any CPU
		{410A1478-2DDC-408B-821A-555FE19820A5}.Release|Any CPU.ActiveCfg = Release|Any CPU
		{410A1478-2DDC-408B-821A-555FE19820A5}.Release|Any CPU.Build.0 = Release|Any CPU
	EndGlobalSection
	GlobalSection(SolutionProperties) = preSolution
		HideSolutionNode = FALSE
	EndGlobalSection
	GlobalSection(NestedProjects) = preSolution
		{D8E43FB6-2AFD-43DD-9DB8-D95DB467F39B} = {02EA681E-C7D8-13C7-8484-4AC65E1B71E8}
		{563B0E35-E4E4-43AB-90AA-FA4CCE003356} = {02EA681E-C7D8-13C7-8484-4AC65E1B71E8}
		{977075ED-F843-4D1B-BD99-87349745C90E} = {02EA681E-C7D8-13C7-8484-4AC65E1B71E8}
		{1AEE37E7-B3B6-4575-84B7-24B5F76000B2} = {02EA681E-C7D8-13C7-8484-4AC65E1B71E8}
		{90FBBDCF-3D59-429A-B8DC-488E252C2B8A} = {02EA681E-C7D8-13C7-8484-4AC65E1B71E8}
		{410A1478-2DDC-408B-821A-555FE19820A5} = {7E93FA2C-6AD5-464E-B2B6-612526096591}
	EndGlobalSection
	GlobalSection(ExtensibilityGlobals) = postSolution
		SolutionGuid = {F491F77A-65DD-4478-BE28-0C91734105DC}
	EndGlobalSection
EndGlobal
